// !$*UTF8*$!
{
	archiveVersion = 1;
	classes = {
	};
	objectVersion = 45;
	objects = {

/* Begin PBXFileReference section */
		CB0115D31115DF1500F5E0DC /* test_allocators.h */ = {isa = PBXFileReference; fileEncoding = 4; lastKnownFileType = sourcecode.c.h; path = test_allocators.h; sourceTree = "<group>"; };
		CB0115D41115DF1500F5E0DC /* test_chunk.cpp */ = {isa = PBXFileReference; fileEncoding = 4; lastKnownFileType = sourcecode.cpp.cpp; path = test_chunk.cpp; sourceTree = "<group>"; };
		CB0115D51115DF1500F5E0DC /* test_fixed_allocator.cpp */ = {isa = PBXFileReference; fileEncoding = 4; lastKnownFileType = sourcecode.cpp.cpp; path = test_fixed_allocator.cpp; sourceTree = "<group>"; };
		CB0115D61115DF1500F5E0DC /* test_fixed_sized_chunk_allocator.cpp */ = {isa = PBXFileReference; fileEncoding = 4; lastKnownFileType = sourcecode.cpp.cpp; path = test_fixed_sized_chunk_allocator.cpp; sourceTree = "<group>"; };
		CB0115D71115DF1500F5E0DC /* test_new_delete_malloc_free.cpp */ = {isa = PBXFileReference; fileEncoding = 4; lastKnownFileType = sourcecode.cpp.cpp; path = test_new_delete_malloc_free.cpp; sourceTree = "<group>"; };
		CB0115D81115DF1500F5E0DC /* test_small_object_allocator.cpp */ = {isa = PBXFileReference; fileEncoding = 4; lastKnownFileType = sourcecode.cpp.cpp; path = test_small_object_allocator.cpp; sourceTree = "<group>"; };
		CB0115D91115DF1500F5E0DC /* test_type_allocator.cpp */ = {isa = PBXFileReference; fileEncoding = 4; lastKnownFileType = sourcecode.cpp.cpp; path = test_type_allocator.cpp; sourceTree = "<group>"; };
		CB4D6DB41112385800DDA059 /* chunk.h */ = {isa = PBXFileReference; fileEncoding = 4; lastKnownFileType = sourcecode.c.h; path = chunk.h; sourceTree = "<group>"; };
		CB4D6DB51112385800DDA059 /* fixedallocator.h */ = {isa = PBXFileReference; fileEncoding = 4; lastKnownFileType = sourcecode.c.h; path = fixedallocator.h; sourceTree = "<group>"; };
		CB4D6DB61112385800DDA059 /* memory.h */ = {isa = PBXFileReference; fileEncoding = 4; lastKnownFileType = sourcecode.c.h; path = memory.h; sourceTree = "<group>"; };
		CB4D6DB71112385800DDA059 /* smallobject.h */ = {isa = PBXFileReference; fileEncoding = 4; lastKnownFileType = sourcecode.c.h; path = smallobject.h; sourceTree = "<group>"; };
		CB4D6DB81112385800DDA059 /* smallobjectallocator.h */ = {isa = PBXFileReference; fileEncoding = 4; lastKnownFileType = sourcecode.c.h; path = smallobjectallocator.h; sourceTree = "<group>"; };
		CB4D6DBA1112386A00DDA059 /* chunk.cpp */ = {isa = PBXFileReference; fileEncoding = 4; lastKnownFileType = sourcecode.cpp.cpp; path = chunk.cpp; sourceTree = "<group>"; };
		CB4D6DBB1112386A00DDA059 /* fixedallocator.cpp */ = {isa = PBXFileReference; fileEncoding = 4; lastKnownFileType = sourcecode.cpp.cpp; path = fixedallocator.cpp; sourceTree = "<group>"; };
		CB4D6DBC1112386A00DDA059 /* smallobjectallocator.cpp */ = {isa = PBXFileReference; fileEncoding = 4; lastKnownFileType = sourcecode.cpp.cpp; path = smallobjectallocator.cpp; sourceTree = "<group>"; };
		CB4D6DBF1112388D00DDA059 /* memory1.cpp */ = {isa = PBXFileReference; fileEncoding = 4; lastKnownFileType = sourcecode.cpp.cpp; path = memory1.cpp; sourceTree = "<group>"; };
/* End PBXFileReference section */

/* Begin PBXGroup section */
		08FB7794FE84155DC02AAC07 /* smallobjectallocator */ = {
			isa = PBXGroup;
			children = (
				CB4D6DBE1112388D00DDA059 /* tests */,
				CB4D6DB91112386A00DDA059 /* source */,
				CB4D6DB31112385800DDA059 /* include */,
			);
			name = smallobjectallocator;
			sourceTree = "<group>";
		};
		CB4D6DB31112385800DDA059 /* include */ = {
			isa = PBXGroup;
			children = (
				CB4D6DB41112385800DDA059 /* chunk.h */,
				CB4D6DB51112385800DDA059 /* fixedallocator.h */,
				CB4D6DB61112385800DDA059 /* memory.h */,
				CB4D6DB71112385800DDA059 /* smallobject.h */,
				CB4D6DB81112385800DDA059 /* smallobjectallocator.h */,
			);
			name = include;
			path = ../../include;
			sourceTree = SOURCE_ROOT;
		};
		CB4D6DB91112386A00DDA059 /* source */ = {
			isa = PBXGroup;
			children = (
				CB4D6DBA1112386A00DDA059 /* chunk.cpp */,
				CB4D6DBB1112386A00DDA059 /* fixedallocator.cpp */,
				CB4D6DBC1112386A00DDA059 /* smallobjectallocator.cpp */,
			);
			name = source;
			path = ../../source;
			sourceTree = SOURCE_ROOT;
		};
		CB4D6DBE1112388D00DDA059 /* tests */ = {
			isa = PBXGroup;
			children = (
				CB0115D31115DF1500F5E0DC /* test_allocators.h */,
				CB0115D41115DF1500F5E0DC /* test_chunk.cpp */,
				CB0115D51115DF1500F5E0DC /* test_fixed_allocator.cpp */,
				CB0115D61115DF1500F5E0DC /* test_fixed_sized_chunk_allocator.cpp */,
				CB0115D71115DF1500F5E0DC /* test_new_delete_malloc_free.cpp */,
				CB0115D81115DF1500F5E0DC /* test_small_object_allocator.cpp */,
				CB0115D91115DF1500F5E0DC /* test_type_allocator.cpp */,
				CB4D6DBF1112388D00DDA059 /* memory1.cpp */,
			);
			name = tests;
			path = ../../tests;
			sourceTree = SOURCE_ROOT;
		};
/* End PBXGroup section */

/* Begin PBXLegacyTarget section */
		D28A88AD04BDD90700651E21 /* test */ = {
			isa = PBXLegacyTarget;
			buildArgumentsString = "$(ACTION)";
			buildConfigurationList = 1DEB918F08733D9F0010E9CD /* Build configuration list for PBXLegacyTarget "test" */;
			buildPhases = (
			);
			buildToolPath = /usr/bin/make;
			dependencies = (
			);
			name = test;
			passBuildSettingsInEnvironment = 1;
			productName = smallobjectallocator;
		};
/* End PBXLegacyTarget section */

/* Begin PBXProject section */
		08FB7793FE84155DC02AAC07 /* Project object */ = {
			isa = PBXProject;
			attributes = {
				BuildIndependentTargetsInParallel = YES;
			};
			buildConfigurationList = 1DEB919308733D9F0010E9CD /* Build configuration list for PBXProject "smallobjectallocator" */;
			compatibilityVersion = "Xcode 3.1";
			hasScannedForEncodings = 1;
			mainGroup = 08FB7794FE84155DC02AAC07 /* smallobjectallocator */;
			projectDirPath = "";
			projectRoot = ../..;
			targets = (
				D28A88AD04BDD90700651E21 /* test */,
			);
		};
/* End PBXProject section */

/* Begin XCBuildConfiguration section */
		1DEB919008733D9F0010E9CD /* Debug */ = {
			isa = XCBuildConfiguration;
			buildSettings = {
				COPY_PHASE_STRIP = NO;
				DEBUGGING_SYMBOLS = YES;
				GCC_DYNAMIC_NO_PIC = NO;
				GCC_ENABLE_FIX_AND_CONTINUE = YES;
				GCC_GENERATE_DEBUGGING_SYMBOLS = YES;
				GCC_OPTIMIZATION_LEVEL = 0;
				OTHER_CFLAGS = "";
				OTHER_LDFLAGS = "";
				PRODUCT_NAME = smallobjectallocator;
			};
			name = Debug;
		};
		1DEB919408733D9F0010E9CD /* Debug */ = {
			isa = XCBuildConfiguration;
			buildSettings = {
				ARCHS = "$(ARCHS_STANDARD_32_64_BIT)";
				GCC_WARN_ABOUT_RETURN_TYPE = YES;
				GCC_WARN_UNUSED_VARIABLE = YES;
				ONLY_ACTIVE_ARCH = YES;
				PREBINDING = NO;
				SDKROOT = macosx10.6;
			};
			name = Debug;
		};
/* End XCBuildConfiguration section */

/* Begin XCConfigurationList section */
		1DEB918F08733D9F0010E9CD /* Build configuration list for PBXLegacyTarget "test" */ = {
			isa = XCConfigurationList;
			buildConfigurations = (
				1DEB919008733D9F0010E9CD /* Debug */,
			);
			defaultConfigurationIsVisible = 0;
			defaultConfigurationName = Debug;
		};
		1DEB919308733D9F0010E9CD /* Build configuration list for PBXProject "smallobjectallocator" */ = {
			isa = XCConfigurationList;
			buildConfigurations = (
				1DEB919408733D9F0010E9CD /* Debug */,
			);
			defaultConfigurationIsVisible = 0;
			defaultConfigurationName = Debug;
		};
/* End XCConfigurationList section */
	};
	rootObject = 08FB7793FE84155DC02AAC07 /* Project object */;
}
