// !$*UTF8*$!
{
	archiveVersion = 1;
	classes = {
	};
	objectVersion = 45;
	objects = {

/* Begin PBXFileReference section */
		CB01161F1115FC8900F5E0DC /* allocators.h */ = {isa = PBXFileReference; fileEncoding = 4; lastKnownFileType = sourcecode.c.h; path = allocators.h; sourceTree = "<group>"; };
		CB0116201115FC8900F5E0DC /* growth_policies.h */ = {isa = PBXFileReference; fileEncoding = 4; lastKnownFileType = sourcecode.c.h; path = growth_policies.h; sourceTree = "<group>"; };
		CB0116211115FC8900F5E0DC /* object_allocator.h */ = {isa = PBXFileReference; fileEncoding = 4; lastKnownFileType = sourcecode.c.h; path = object_allocator.h; sourceTree = "<group>"; };
		CB0116221115FC8900F5E0DC /* pool.h */ = {isa = PBXFileReference; fileEncoding = 4; lastKnownFileType = sourcecode.c.h; path = pool.h; sourceTree = "<group>"; };
		CB0116241115FCA000F5E0DC /* fixed1.cpp */ = {isa = PBXFileReference; fileEncoding = 4; lastKnownFileType = sourcecode.cpp.cpp; path = fixed1.cpp; sourceTree = "<group>"; };
		CB0116251115FCA000F5E0DC /* test_allocators.h */ = {isa = PBXFileReference; fileEncoding = 4; lastKnownFileType = sourcecode.c.h; path = test_allocators.h; sourceTree = "<group>"; };
		CB0116261115FCA000F5E0DC /* test_fixed_sized_chunk_allocator.cpp */ = {isa = PBXFileReference; fileEncoding = 4; lastKnownFileType = sourcecode.cpp.cpp; path = test_fixed_sized_chunk_allocator.cpp; sourceTree = "<group>"; };
		CB0116271115FCA000F5E0DC /* test_growing_pool.cpp */ = {isa = PBXFileReference; fileEncoding = 4; lastKnownFileType = sourcecode.cpp.cpp; path = test_growing_pool.cpp; sourceTree = "<group>"; };
		CB0116281115FCA000F5E0DC /* test_new_delete_malloc_free.cpp */ = {isa = PBXFileReference; fileEncoding = 4; lastKnownFileType = sourcecode.cpp.cpp; path = test_new_delete_malloc_free.cpp; sourceTree = "<group>"; };
		CB0116291115FCA000F5E0DC /* test_object_allocator.cpp */ = {isa = PBXFileReference; fileEncoding = 4; lastKnownFileType = sourcecode.cpp.cpp; path = test_object_allocator.cpp; sourceTree = "<group>"; };
		CB01162A1115FCA000F5E0DC /* test_small_object_allocator.cpp */ = {isa = PBXFileReference; fileEncoding = 4; lastKnownFileType = sourcecode.cpp.cpp; path = test_small_object_allocator.cpp; sourceTree = "<group>"; };
		CB01162B1115FCA000F5E0DC /* test_type_allocator.cpp */ = {isa = PBXFileReference; fileEncoding = 4; lastKnownFileType = sourcecode.cpp.cpp; path = test_type_allocator.cpp; sourceTree = "<group>"; };
/* End PBXFileReference section */

/* Begin PBXGroup section */
		08FB7794FE84155DC02AAC07 /* smallobjectallocator */ = {
			isa = PBXGroup;
			children = (
				CB0116231115FCA000F5E0DC /* tests */,
				CB01161E1115FC8900F5E0DC /* include */,
			);
			name = smallobjectallocator;
			sourceTree = "<group>";
		};
		CB01161E1115FC8900F5E0DC /* include */ = {
			isa = PBXGroup;
			children = (
				CB01161F1115FC8900F5E0DC /* allocators.h */,
				CB0116201115FC8900F5E0DC /* growth_policies.h */,
				CB0116211115FC8900F5E0DC /* object_allocator.h */,
				CB0116221115FC8900F5E0DC /* pool.h */,
			);
			name = include;
			path = ../../include;
			sourceTree = SOURCE_ROOT;
		};
		CB0116231115FCA000F5E0DC /* tests */ = {
			isa = PBXGroup;
			children = (
				CB0116241115FCA000F5E0DC /* fixed1.cpp */,
				CB0116251115FCA000F5E0DC /* test_allocators.h */,
				CB0116261115FCA000F5E0DC /* test_fixed_sized_chunk_allocator.cpp */,
				CB0116271115FCA000F5E0DC /* test_growing_pool.cpp */,
				CB0116281115FCA000F5E0DC /* test_new_delete_malloc_free.cpp */,
				CB0116291115FCA000F5E0DC /* test_object_allocator.cpp */,
				CB01162A1115FCA000F5E0DC /* test_small_object_allocator.cpp */,
				CB01162B1115FCA000F5E0DC /* test_type_allocator.cpp */,
			);
			name = tests;
			path = ../../tests;
			sourceTree = SOURCE_ROOT;
		};
/* End PBXGroup section */

/* Begin PBXLegacyTarget section */
		D28A88AD04BDD90700651E21 /* test */ = {
			isa = PBXLegacyTarget;
			buildArgumentsString = "$(ACTION)";
			buildConfigurationList = 1DEB918F08733D9F0010E9CD /* Build configuration list for PBXLegacyTarget "test" */;
			buildPhases = (
			);
			buildToolPath = /usr/bin/make;
			dependencies = (
			);
			name = test;
			passBuildSettingsInEnvironment = 1;
			productName = smallobjectallocator;
		};
/* End PBXLegacyTarget section */

/* Begin PBXProject section */
		08FB7793FE84155DC02AAC07 /* Project object */ = {
			isa = PBXProject;
			attributes = {
				BuildIndependentTargetsInParallel = YES;
			};
			buildConfigurationList = 1DEB919308733D9F0010E9CD /* Build configuration list for PBXProject "smallobjectallocator" */;
			compatibilityVersion = "Xcode 3.1";
			hasScannedForEncodings = 1;
			mainGroup = 08FB7794FE84155DC02AAC07 /* smallobjectallocator */;
			projectDirPath = "";
			projectRoot = ../..;
			targets = (
				D28A88AD04BDD90700651E21 /* test */,
			);
		};
/* End PBXProject section */

/* Begin XCBuildConfiguration section */
		1DEB919008733D9F0010E9CD /* Debug */ = {
			isa = XCBuildConfiguration;
			buildSettings = {
				COPY_PHASE_STRIP = NO;
				DEBUGGING_SYMBOLS = YES;
				GCC_DYNAMIC_NO_PIC = NO;
				GCC_ENABLE_FIX_AND_CONTINUE = YES;
				GCC_GENERATE_DEBUGGING_SYMBOLS = YES;
				GCC_OPTIMIZATION_LEVEL = 0;
				OTHER_CFLAGS = "";
				OTHER_LDFLAGS = "";
				PRODUCT_NAME = smallobjectallocator;
			};
			name = Debug;
		};
		1DEB919408733D9F0010E9CD /* Debug */ = {
			isa = XCBuildConfiguration;
			buildSettings = {
				ARCHS = "$(ARCHS_STANDARD_32_64_BIT)";
				GCC_WARN_ABOUT_RETURN_TYPE = YES;
				GCC_WARN_UNUSED_VARIABLE = YES;
				ONLY_ACTIVE_ARCH = YES;
				PREBINDING = NO;
				SDKROOT = macosx10.6;
			};
			name = Debug;
		};
/* End XCBuildConfiguration section */

/* Begin XCConfigurationList section */
		1DEB918F08733D9F0010E9CD /* Build configuration list for PBXLegacyTarget "test" */ = {
			isa = XCConfigurationList;
			buildConfigurations = (
				1DEB919008733D9F0010E9CD /* Debug */,
			);
			defaultConfigurationIsVisible = 0;
			defaultConfigurationName = Debug;
		};
		1DEB919308733D9F0010E9CD /* Build configuration list for PBXProject "smallobjectallocator" */ = {
			isa = XCConfigurationList;
			buildConfigurations = (
				1DEB919408733D9F0010E9CD /* Debug */,
			);
			defaultConfigurationIsVisible = 0;
			defaultConfigurationName = Debug;
		};
/* End XCConfigurationList section */
	};
	rootObject = 08FB7793FE84155DC02AAC07 /* Project object */;
}
